
Microsoft Visual Studio Solution File, Format Version 12.00
# Visual Studio Version 16
VisualStudioVersion = 16.0.34114.132
MinimumVisualStudioVersion = 10.0.40219.1
Project("{FAE04EC0-301F-11D3-BF4B-00C04F79EFBC}") = "gamezombiesx", "gamezombiesx\gamezombiesx.csproj", "{53467865-27BA-4815-8CFE-E7A562383656}"
EndProject
Global
	GlobalSection(SolutionConfigurationPlatforms) = preSolution
		Debug|Any CPU = Debug|Any CPU
		Release|Any CPU = Release|Any CPU
	EndGlobalSection
	GlobalSection(ProjectConfigurationPlatforms) = postSolution
		{53467865-27BA-4815-8CFE-E7A562383656}.Debug|Any CPU.ActiveCfg = Debug|Any CPU
		{53467865-27BA-4815-8CFE-E7A562383656}.Debug|Any CPU.Build.0 = Debug|Any CPU
		{53467865-27BA-4815-8CFE-E7A562383656}.Release|Any CPU.ActiveCfg = Release|Any CPU
		{53467865-27BA-4815-8CFE-E7A562383656}.Release|Any CPU.Build.0 = Release|Any CPU
	EndGlobalSection
	GlobalSection(SolutionProperties) = preSolution
		HideSolutionNode = FALSE
	EndGlobalSection
	GlobalSection(ExtensibilityGlobals) = postSolution
		SolutionGuid = {060E205B-5E18-42A1-BEA8-8062F4502BA7}
	EndGlobalSection
EndGlobal
